
Microsoft Visual Studio Solution File, Format Version 12.00
# Visual Studio 15
VisualStudioVersion = 15.0.27130.2027
MinimumVisualStudioVersion = 10.0.40219.1
Project("{FAE04EC0-301F-11D3-BF4B-00C04F79EFBC}") = "Brokkenmakers", "Brokkenmakers\Brokkenmakers.csproj", "{F9F181B8-899D-4528-A279-0225648EB14E}"
EndProject
Global
	GlobalSection(SolutionConfigurationPlatforms) = preSolution
		Debug|Any CPU = Debug|Any CPU
		Release|Any CPU = Release|Any CPU
	EndGlobalSection
	GlobalSection(ProjectConfigurationPlatforms) = postSolution
		{F9F181B8-899D-4528-A279-0225648EB14E}.Debug|Any CPU.ActiveCfg = Debug|Any CPU
		{F9F181B8-899D-4528-A279-0225648EB14E}.Debug|Any CPU.Build.0 = Debug|Any CPU
		{F9F181B8-899D-4528-A279-0225648EB14E}.Release|Any CPU.ActiveCfg = Release|Any CPU
		{F9F181B8-899D-4528-A279-0225648EB14E}.Release|Any CPU.Build.0 = Release|Any CPU
	EndGlobalSection
	GlobalSection(SolutionProperties) = preSolution
		HideSolutionNode = FALSE
	EndGlobalSection
	GlobalSection(ExtensibilityGlobals) = postSolution
		SolutionGuid = {582C4CBC-803D-4ADF-8B4B-8C324FE65121}
	EndGlobalSection
EndGlobal
